
Microsoft Visual Studio Solution File, Format Version 12.00
# Visual Studio Version 16
VisualStudioVersion = 16.0.30413.136
MinimumVisualStudioVersion = 10.0.40219.1
Project("{FAE04EC0-301F-11D3-BF4B-00C04F79EFBC}") = "Task01", "Task01\Task01.csproj", "{9B33184F-C195-4A18-BE36-A3A001BCCE0D}"
EndProject
Project("{FAE04EC0-301F-11D3-BF4B-00C04F79EFBC}") = "Task02", "Task02\Task02.csproj", "{9DAF7D9B-64FD-4ED5-A2E0-80C0F2303E8C}"
EndProject
Project("{FAE04EC0-301F-11D3-BF4B-00C04F79EFBC}") = "ASCIIDecoder", "ASCIIDecoder\ASCIIDecoder.csproj", "{FBC47549-CA99-4E2F-AEB9-E442488A0550}"
EndProject
Project("{FAE04EC0-301F-11D3-BF4B-00C04F79EFBC}") = "Task04", "Task04\Task04.csproj", "{BEA63484-68E3-4191-813D-32DD6D972901}"
EndProject
Project("{FAE04EC0-301F-11D3-BF4B-00C04F79EFBC}") = "Task05", "Task05\Task05.csproj", "{295D2B6D-2E3C-413A-B750-24625FB21315}"
EndProject
Global
	GlobalSection(SolutionConfigurationPlatforms) = preSolution
		Debug|Any CPU = Debug|Any CPU
		Release|Any CPU = Release|Any CPU
	EndGlobalSection
	GlobalSection(ProjectConfigurationPlatforms) = postSolution
		{9B33184F-C195-4A18-BE36-A3A001BCCE0D}.Debug|Any CPU.ActiveCfg = Debug|Any CPU
		{9B33184F-C195-4A18-BE36-A3A001BCCE0D}.Debug|Any CPU.Build.0 = Debug|Any CPU
		{9B33184F-C195-4A18-BE36-A3A001BCCE0D}.Release|Any CPU.ActiveCfg = Release|Any CPU
		{9B33184F-C195-4A18-BE36-A3A001BCCE0D}.Release|Any CPU.Build.0 = Release|Any CPU
		{9DAF7D9B-64FD-4ED5-A2E0-80C0F2303E8C}.Debug|Any CPU.ActiveCfg = Debug|Any CPU
		{9DAF7D9B-64FD-4ED5-A2E0-80C0F2303E8C}.Debug|Any CPU.Build.0 = Debug|Any CPU
		{9DAF7D9B-64FD-4ED5-A2E0-80C0F2303E8C}.Release|Any CPU.ActiveCfg = Release|Any CPU
		{9DAF7D9B-64FD-4ED5-A2E0-80C0F2303E8C}.Release|Any CPU.Build.0 = Release|Any CPU
		{FBC47549-CA99-4E2F-AEB9-E442488A0550}.Debug|Any CPU.ActiveCfg = Debug|Any CPU
		{FBC47549-CA99-4E2F-AEB9-E442488A0550}.Debug|Any CPU.Build.0 = Debug|Any CPU
		{FBC47549-CA99-4E2F-AEB9-E442488A0550}.Release|Any CPU.ActiveCfg = Release|Any CPU
		{FBC47549-CA99-4E2F-AEB9-E442488A0550}.Release|Any CPU.Build.0 = Release|Any CPU
		{BEA63484-68E3-4191-813D-32DD6D972901}.Debug|Any CPU.ActiveCfg = Debug|Any CPU
		{BEA63484-68E3-4191-813D-32DD6D972901}.Debug|Any CPU.Build.0 = Debug|Any CPU
		{BEA63484-68E3-4191-813D-32DD6D972901}.Release|Any CPU.ActiveCfg = Release|Any CPU
		{BEA63484-68E3-4191-813D-32DD6D972901}.Release|Any CPU.Build.0 = Release|Any CPU
		{295D2B6D-2E3C-413A-B750-24625FB21315}.Debug|Any CPU.ActiveCfg = Debug|Any CPU
		{295D2B6D-2E3C-413A-B750-24625FB21315}.Debug|Any CPU.Build.0 = Debug|Any CPU
		{295D2B6D-2E3C-413A-B750-24625FB21315}.Release|Any CPU.ActiveCfg = Release|Any CPU
		{295D2B6D-2E3C-413A-B750-24625FB21315}.Release|Any CPU.Build.0 = Release|Any CPU
	EndGlobalSection
	GlobalSection(SolutionProperties) = preSolution
		HideSolutionNode = FALSE
	EndGlobalSection
	GlobalSection(ExtensibilityGlobals) = postSolution
		SolutionGuid = {07BECB59-61A1-426C-BADC-AF4CAF3BCEFE}
	EndGlobalSection
EndGlobal
